
Microsoft Visual Studio Solution File, Format Version 12.00
# Visual Studio 15
VisualStudioVersion = 15.0.28307.1145
MinimumVisualStudioVersion = 10.0.40219.1
Project("{FAE04EC0-301F-11D3-BF4B-00C04F79EFBC}") = "AppCS.Android", "AppCS\AppCS.Android\AppCS.Android.csproj", "{7B3A47DF-AB54-4631-996F-184F09A8F6EC}"
EndProject
Project("{FAE04EC0-301F-11D3-BF4B-00C04F79EFBC}") = "AppCS.iOS", "AppCS\AppCS.iOS\AppCS.iOS.csproj", "{5CCF0549-B51F-4A61-A3F4-8F41C315F7AB}"
EndProject
Project("{FAE04EC0-301F-11D3-BF4B-00C04F79EFBC}") = "AppCS.UWP", "AppCS\AppCS.UWP\AppCS.UWP.csproj", "{440977F4-28B0-4F65-BCC0-C844DB1E029B}"
EndProject
Project("{FAE04EC0-301F-11D3-BF4B-00C04F79EFBC}") = "AppCS", "AppCS\AppCS\AppCS.csproj", "{D0BB0178-14C7-454B-9F6B-25886C1B9D9A}"
EndProject
Global
	GlobalSection(SolutionConfigurationPlatforms) = preSolution
		Ad-Hoc|Any CPU = Ad-Hoc|Any CPU
		Ad-Hoc|ARM = Ad-Hoc|ARM
		Ad-Hoc|iPhone = Ad-Hoc|iPhone
		Ad-Hoc|iPhoneSimulator = Ad-Hoc|iPhoneSimulator
		Ad-Hoc|x64 = Ad-Hoc|x64
		Ad-Hoc|x86 = Ad-Hoc|x86
		AppStore|Any CPU = AppStore|Any CPU
		AppStore|ARM = AppStore|ARM
		AppStore|iPhone = AppStore|iPhone
		AppStore|iPhoneSimulator = AppStore|iPhoneSimulator
		AppStore|x64 = AppStore|x64
		AppStore|x86 = AppStore|x86
		Debug|Any CPU = Debug|Any CPU
		Debug|ARM = Debug|ARM
		Debug|iPhone = Debug|iPhone
		Debug|iPhoneSimulator = Debug|iPhoneSimulator
		Debug|x64 = Debug|x64
		Debug|x86 = Debug|x86
		Release|Any CPU = Release|Any CPU
		Release|ARM = Release|ARM
		Release|iPhone = Release|iPhone
		Release|iPhoneSimulator = Release|iPhoneSimulator
		Release|x64 = Release|x64
		Release|x86 = Release|x86
	EndGlobalSection
	GlobalSection(ProjectConfigurationPlatforms) = postSolution
		{7B3A47DF-AB54-4631-996F-184F09A8F6EC}.Ad-Hoc|Any CPU.ActiveCfg = Release|Any CPU
		{7B3A47DF-AB54-4631-996F-184F09A8F6EC}.Ad-Hoc|Any CPU.Build.0 = Release|Any CPU
		{7B3A47DF-AB54-4631-996F-184F09A8F6EC}.Ad-Hoc|Any CPU.Deploy.0 = Release|Any CPU
		{7B3A47DF-AB54-4631-996F-184F09A8F6EC}.Ad-Hoc|ARM.ActiveCfg = Release|Any CPU
		{7B3A47DF-AB54-4631-996F-184F09A8F6EC}.Ad-Hoc|ARM.Build.0 = Release|Any CPU
		{7B3A47DF-AB54-4631-996F-184F09A8F6EC}.Ad-Hoc|ARM.Deploy.0 = Release|Any CPU
		{7B3A47DF-AB54-4631-996F-184F09A8F6EC}.Ad-Hoc|iPhone.ActiveCfg = Release|Any CPU
		{7B3A47DF-AB54-4631-996F-184F09A8F6EC}.Ad-Hoc|iPhone.Build.0 = Release|Any CPU
		{7B3A47DF-AB54-4631-996F-184F09A8F6EC}.Ad-Hoc|iPhone.Deploy.0 = Release|Any CPU
		{7B3A47DF-AB54-4631-996F-184F09A8F6EC}.Ad-Hoc|iPhoneSimulator.ActiveCfg = Release|Any CPU
		{7B3A47DF-AB54-4631-996F-184F09A8F6EC}.Ad-Hoc|iPhoneSimulator.Build.0 = Release|Any CPU
		{7B3A47DF-AB54-4631-996F-184F09A8F6EC}.Ad-Hoc|iPhoneSimulator.Deploy.0 = Release|Any CPU
		{7B3A47DF-AB54-4631-996F-184F09A8F6EC}.Ad-Hoc|x64.ActiveCfg = Release|Any CPU
		{7B3A47DF-AB54-4631-996F-184F09A8F6EC}.Ad-Hoc|x64.Build.0 = Release|Any CPU
		{7B3A47DF-AB54-4631-996F-184F09A8F6EC}.Ad-Hoc|x64.Deploy.0 = Release|Any CPU
		{7B3A47DF-AB54-4631-996F-184F09A8F6EC}.Ad-Hoc|x86.ActiveCfg = Release|Any CPU
		{7B3A47DF-AB54-4631-996F-184F09A8F6EC}.Ad-Hoc|x86.Build.0 = Release|Any CPU
		{7B3A47DF-AB54-4631-996F-184F09A8F6EC}.Ad-Hoc|x86.Deploy.0 = Release|Any CPU
		{7B3A47DF-AB54-4631-996F-184F09A8F6EC}.AppStore|Any CPU.ActiveCfg = Release|Any CPU
		{7B3A47DF-AB54-4631-996F-184F09A8F6EC}.AppStore|Any CPU.Build.0 = Release|Any CPU
		{7B3A47DF-AB54-4631-996F-184F09A8F6EC}.AppStore|Any CPU.Deploy.0 = Release|Any CPU
		{7B3A47DF-AB54-4631-996F-184F09A8F6EC}.AppStore|ARM.ActiveCfg = Release|Any CPU
		{7B3A47DF-AB54-4631-996F-184F09A8F6EC}.AppStore|ARM.Build.0 = Release|Any CPU
		{7B3A47DF-AB54-4631-996F-184F09A8F6EC}.AppStore|ARM.Deploy.0 = Release|Any CPU
		{7B3A47DF-AB54-4631-996F-184F09A8F6EC}.AppStore|iPhone.ActiveCfg = Release|Any CPU
		{7B3A47DF-AB54-4631-996F-184F09A8F6EC}.AppStore|iPhone.Build.0 = Release|Any CPU
		{7B3A47DF-AB54-4631-996F-184F09A8F6EC}.AppStore|iPhone.Deploy.0 = Release|Any CPU
		{7B3A47DF-AB54-4631-996F-184F09A8F6EC}.AppStore|iPhoneSimulator.ActiveCfg = Release|Any CPU
		{7B3A47DF-AB54-4631-996F-184F09A8F6EC}.AppStore|iPhoneSimulator.Build.0 = Release|Any CPU
		{7B3A47DF-AB54-4631-996F-184F09A8F6EC}.AppStore|iPhoneSimulator.Deploy.0 = Release|Any CPU
		{7B3A47DF-AB54-4631-996F-184F09A8F6EC}.AppStore|x64.ActiveCfg = Release|Any CPU
		{7B3A47DF-AB54-4631-996F-184F09A8F6EC}.AppStore|x64.Build.0 = Release|Any CPU
		{7B3A47DF-AB54-4631-996F-184F09A8F6EC}.AppStore|x64.Deploy.0 = Release|Any CPU
		{7B3A47DF-AB54-4631-996F-184F09A8F6EC}.AppStore|x86.ActiveCfg = Release|Any CPU
		{7B3A47DF-AB54-4631-996F-184F09A8F6EC}.AppStore|x86.Build.0 = Release|Any CPU
		{7B3A47DF-AB54-4631-996F-184F09A8F6EC}.AppStore|x86.Deploy.0 = Release|Any CPU
		{7B3A47DF-AB54-4631-996F-184F09A8F6EC}.Debug|Any CPU.ActiveCfg = Debug|Any CPU
		{7B3A47DF-AB54-4631-996F-184F09A8F6EC}.Debug|Any CPU.Build.0 = Debug|Any CPU
		{7B3A47DF-AB54-4631-996F-184F09A8F6EC}.Debug|Any CPU.Deploy.0 = Debug|Any CPU
		{7B3A47DF-AB54-4631-996F-184F09A8F6EC}.Debug|ARM.ActiveCfg = Debug|Any CPU
		{7B3A47DF-AB54-4631-996F-184F09A8F6EC}.Debug|ARM.Build.0 = Debug|Any CPU
		{7B3A47DF-AB54-4631-996F-184F09A8F6EC}.Debug|ARM.Deploy.0 = Debug|Any CPU
		{7B3A47DF-AB54-4631-996F-184F09A8F6EC}.Debug|iPhone.ActiveCfg = Debug|Any CPU
		{7B3A47DF-AB54-4631-996F-184F09A8F6EC}.Debug|iPhone.Build.0 = Debug|Any CPU
		{7B3A47DF-AB54-4631-996F-184F09A8F6EC}.Debug|iPhone.Deploy.0 = Debug|Any CPU
		{7B3A47DF-AB54-4631-996F-184F09A8F6EC}.Debug|iPhoneSimulator.ActiveCfg = Debug|Any CPU
		{7B3A47DF-AB54-4631-996F-184F09A8F6EC}.Debug|iPhoneSimulator.Build.0 = Debug|Any CPU
		{7B3A47DF-AB54-4631-996F-184F09A8F6EC}.Debug|iPhoneSimulator.Deploy.0 = Debug|Any CPU
		{7B3A47DF-AB54-4631-996F-184F09A8F6EC}.Debug|x64.ActiveCfg = Debug|Any CPU
		{7B3A47DF-AB54-4631-996F-184F09A8F6EC}.Debug|x64.Build.0 = Debug|Any CPU
		{7B3A47DF-AB54-4631-996F-184F09A8F6EC}.Debug|x64.Deploy.0 = Debug|Any CPU
		{7B3A47DF-AB54-4631-996F-184F09A8F6EC}.Debug|x86.ActiveCfg = Debug|Any CPU
		{7B3A47DF-AB54-4631-996F-184F09A8F6EC}.Debug|x86.Build.0 = Debug|Any CPU
		{7B3A47DF-AB54-4631-996F-184F09A8F6EC}.Debug|x86.Deploy.0 = Debug|Any CPU
		{7B3A47DF-AB54-4631-996F-184F09A8F6EC}.Release|Any CPU.ActiveCfg = Release|Any CPU
		{7B3A47DF-AB54-4631-996F-184F09A8F6EC}.Release|Any CPU.Build.0 = Release|Any CPU
		{7B3A47DF-AB54-4631-996F-184F09A8F6EC}.Release|Any CPU.Deploy.0 = Release|Any CPU
		{7B3A47DF-AB54-4631-996F-184F09A8F6EC}.Release|ARM.ActiveCfg = Release|Any CPU
		{7B3A47DF-AB54-4631-996F-184F09A8F6EC}.Release|ARM.Build.0 = Release|Any CPU
		{7B3A47DF-AB54-4631-996F-184F09A8F6EC}.Release|ARM.Deploy.0 = Release|Any CPU
		{7B3A47DF-AB54-4631-996F-184F09A8F6EC}.Release|iPhone.ActiveCfg = Release|Any CPU
		{7B3A47DF-AB54-4631-996F-184F09A8F6EC}.Release|iPhone.Build.0 = Release|Any CPU
		{7B3A47DF-AB54-4631-996F-184F09A8F6EC}.Release|iPhone.Deploy.0 = Release|Any CPU
		{7B3A47DF-AB54-4631-996F-184F09A8F6EC}.Release|iPhoneSimulator.ActiveCfg = Release|Any CPU
		{7B3A47DF-AB54-4631-996F-184F09A8F6EC}.Release|iPhoneSimulator.Build.0 = Release|Any CPU
		{7B3A47DF-AB54-4631-996F-184F09A8F6EC}.Release|iPhoneSimulator.Deploy.0 = Release|Any CPU
		{7B3A47DF-AB54-4631-996F-184F09A8F6EC}.Release|x64.ActiveCfg = Release|Any CPU
		{7B3A47DF-AB54-4631-996F-184F09A8F6EC}.Release|x64.Build.0 = Release|Any CPU
		{7B3A47DF-AB54-4631-996F-184F09A8F6EC}.Release|x64.Deploy.0 = Release|Any CPU
		{7B3A47DF-AB54-4631-996F-184F09A8F6EC}.Release|x86.ActiveCfg = Release|Any CPU
		{7B3A47DF-AB54-4631-996F-184F09A8F6EC}.Release|x86.Build.0 = Release|Any CPU
		{7B3A47DF-AB54-4631-996F-184F09A8F6EC}.Release|x86.Deploy.0 = Release|Any CPU
		{5CCF0549-B51F-4A61-A3F4-8F41C315F7AB}.Ad-Hoc|Any CPU.ActiveCfg = Ad-Hoc|iPhone
		{5CCF0549-B51F-4A61-A3F4-8F41C315F7AB}.Ad-Hoc|Any CPU.Build.0 = Ad-Hoc|iPhone
		{5CCF0549-B51F-4A61-A3F4-8F41C315F7AB}.Ad-Hoc|Any CPU.Deploy.0 = Ad-Hoc|iPhone
		{5CCF0549-B51F-4A61-A3F4-8F41C315F7AB}.Ad-Hoc|ARM.ActiveCfg = Ad-Hoc|iPhone
		{5CCF0549-B51F-4A61-A3F4-8F41C315F7AB}.Ad-Hoc|ARM.Build.0 = Ad-Hoc|iPhone
		{5CCF0549-B51F-4A61-A3F4-8F41C315F7AB}.Ad-Hoc|ARM.Deploy.0 = Ad-Hoc|iPhone
		{5CCF0549-B51F-4A61-A3F4-8F41C315F7AB}.Ad-Hoc|iPhone.ActiveCfg = Ad-Hoc|iPhone
		{5CCF0549-B51F-4A61-A3F4-8F41C315F7AB}.Ad-Hoc|iPhone.Build.0 = Ad-Hoc|iPhone
		{5CCF0549-B51F-4A61-A3F4-8F41C315F7AB}.Ad-Hoc|iPhone.Deploy.0 = Ad-Hoc|iPhone
		{5CCF0549-B51F-4A61-A3F4-8F41C315F7AB}.Ad-Hoc|iPhoneSimulator.ActiveCfg = Ad-Hoc|iPhoneSimulator
		{5CCF0549-B51F-4A61-A3F4-8F41C315F7AB}.Ad-Hoc|iPhoneSimulator.Build.0 = Ad-Hoc|iPhoneSimulator
		{5CCF0549-B51F-4A61-A3F4-8F41C315F7AB}.Ad-Hoc|iPhoneSimulator.Deploy.0 = Ad-Hoc|iPhoneSimulator
		{5CCF0549-B51F-4A61-A3F4-8F41C315F7AB}.Ad-Hoc|x64.ActiveCfg = Ad-Hoc|iPhone
		{5CCF0549-B51F-4A61-A3F4-8F41C315F7AB}.Ad-Hoc|x64.Build.0 = Ad-Hoc|iPhone
		{5CCF0549-B51F-4A61-A3F4-8F41C315F7AB}.Ad-Hoc|x64.Deploy.0 = Ad-Hoc|iPhone
		{5CCF0549-B51F-4A61-A3F4-8F41C315F7AB}.Ad-Hoc|x86.ActiveCfg = Ad-Hoc|iPhone
		{5CCF0549-B51F-4A61-A3F4-8F41C315F7AB}.Ad-Hoc|x86.Build.0 = Ad-Hoc|iPhone
		{5CCF0549-B51F-4A61-A3F4-8F41C315F7AB}.Ad-Hoc|x86.Deploy.0 = Ad-Hoc|iPhone
		{5CCF0549-B51F-4A61-A3F4-8F41C315F7AB}.AppStore|Any CPU.ActiveCfg = AppStore|iPhone
		{5CCF0549-B51F-4A61-A3F4-8F41C315F7AB}.AppStore|Any CPU.Build.0 = AppStore|iPhone
		{5CCF0549-B51F-4A61-A3F4-8F41C315F7AB}.AppStore|Any CPU.Deploy.0 = AppStore|iPhone
		{5CCF0549-B51F-4A61-A3F4-8F41C315F7AB}.AppStore|ARM.ActiveCfg = AppStore|iPhone
		{5CCF0549-B51F-4A61-A3F4-8F41C315F7AB}.AppStore|ARM.Build.0 = AppStore|iPhone
		{5CCF0549-B51F-4A61-A3F4-8F41C315F7AB}.AppStore|ARM.Deploy.0 = AppStore|iPhone
		{5CCF0549-B51F-4A61-A3F4-8F41C315F7AB}.AppStore|iPhone.ActiveCfg = AppStore|iPhone
		{5CCF0549-B51F-4A61-A3F4-8F41C315F7AB}.AppStore|iPhone.Build.0 = AppStore|iPhone
		{5CCF0549-B51F-4A61-A3F4-8F41C315F7AB}.AppStore|iPhone.Deploy.0 = AppStore|iPhone
		{5CCF0549-B51F-4A61-A3F4-8F41C315F7AB}.AppStore|iPhoneSimulator.ActiveCfg = AppStore|iPhoneSimulator
		{5CCF0549-B51F-4A61-A3F4-8F41C315F7AB}.AppStore|iPhoneSimulator.Build.0 = AppStore|iPhoneSimulator
		{5CCF0549-B51F-4A61-A3F4-8F41C315F7AB}.AppStore|iPhoneSimulator.Deploy.0 = AppStore|iPhoneSimulator
		{5CCF0549-B51F-4A61-A3F4-8F41C315F7AB}.AppStore|x64.ActiveCfg = AppStore|iPhone
		{5CCF0549-B51F-4A61-A3F4-8F41C315F7AB}.AppStore|x64.Build.0 = AppStore|iPhone
		{5CCF0549-B51F-4A61-A3F4-8F41C315F7AB}.AppStore|x64.Deploy.0 = AppStore|iPhone
		{5CCF0549-B51F-4A61-A3F4-8F41C315F7AB}.AppStore|x86.ActiveCfg = AppStore|iPhone
		{5CCF0549-B51F-4A61-A3F4-8F41C315F7AB}.AppStore|x86.Build.0 = AppStore|iPhone
		{5CCF0549-B51F-4A61-A3F4-8F41C315F7AB}.AppStore|x86.Deploy.0 = AppStore|iPhone
		{5CCF0549-B51F-4A61-A3F4-8F41C315F7AB}.Debug|Any CPU.ActiveCfg = Debug|iPhoneSimulator
		{5CCF0549-B51F-4A61-A3F4-8F41C315F7AB}.Debug|Any CPU.Build.0 = Debug|iPhoneSimulator
		{5CCF0549-B51F-4A61-A3F4-8F41C315F7AB}.Debug|Any CPU.Deploy.0 = Debug|iPhoneSimulator
		{5CCF0549-B51F-4A61-A3F4-8F41C315F7AB}.Debug|ARM.ActiveCfg = Debug|iPhone
		{5CCF0549-B51F-4A61-A3F4-8F41C315F7AB}.Debug|ARM.Build.0 = Debug|iPhone
		{5CCF0549-B51F-4A61-A3F4-8F41C315F7AB}.Debug|ARM.Deploy.0 = Debug|iPhone
		{5CCF0549-B51F-4A61-A3F4-8F41C315F7AB}.Debug|iPhone.ActiveCfg = Debug|iPhone
		{5CCF0549-B51F-4A61-A3F4-8F41C315F7AB}.Debug|iPhone.Build.0 = Debug|iPhone
		{5CCF0549-B51F-4A61-A3F4-8F41C315F7AB}.Debug|iPhone.Deploy.0 = Debug|iPhone
		{5CCF0549-B51F-4A61-A3F4-8F41C315F7AB}.Debug|iPhoneSimulator.ActiveCfg = Debug|iPhoneSimulator
		{5CCF0549-B51F-4A61-A3F4-8F41C315F7AB}.Debug|iPhoneSimulator.Build.0 = Debug|iPhoneSimulator
		{5CCF0549-B51F-4A61-A3F4-8F41C315F7AB}.Debug|iPhoneSimulator.Deploy.0 = Debug|iPhoneSimulator
		{5CCF0549-B51F-4A61-A3F4-8F41C315F7AB}.Debug|x64.ActiveCfg = Debug|iPhone
		{5CCF0549-B51F-4A61-A3F4-8F41C315F7AB}.Debug|x64.Build.0 = Debug|iPhone
		{5CCF0549-B51F-4A61-A3F4-8F41C315F7AB}.Debug|x64.Deploy.0 = Debug|iPhone
		{5CCF0549-B51F-4A61-A3F4-8F41C315F7AB}.Debug|x86.ActiveCfg = Debug|iPhone
		{5CCF0549-B51F-4A61-A3F4-8F41C315F7AB}.Debug|x86.Build.0 = Debug|iPhone
		{5CCF0549-B51F-4A61-A3F4-8F41C315F7AB}.Debug|x86.Deploy.0 = Debug|iPhone
		{5CCF0549-B51F-4A61-A3F4-8F41C315F7AB}.Release|Any CPU.ActiveCfg = Release|iPhone
		{5CCF0549-B51F-4A61-A3F4-8F41C315F7AB}.Release|Any CPU.Build.0 = Release|iPhone
		{5CCF0549-B51F-4A61-A3F4-8F41C315F7AB}.Release|Any CPU.Deploy.0 = Release|iPhone
		{5CCF0549-B51F-4A61-A3F4-8F41C315F7AB}.Release|ARM.ActiveCfg = Release|iPhone
		{5CCF0549-B51F-4A61-A3F4-8F41C315F7AB}.Release|ARM.Build.0 = Release|iPhone
		{5CCF0549-B51F-4A61-A3F4-8F41C315F7AB}.Release|ARM.Deploy.0 = Release|iPhone
		{5CCF0549-B51F-4A61-A3F4-8F41C315F7AB}.Release|iPhone.ActiveCfg = Release|iPhone
		{5CCF0549-B51F-4A61-A3F4-8F41C315F7AB}.Release|iPhone.Build.0 = Release|iPhone
		{5CCF0549-B51F-4A61-A3F4-8F41C315F7AB}.Release|iPhone.Deploy.0 = Release|iPhone
		{5CCF0549-B51F-4A61-A3F4-8F41C315F7AB}.Release|iPhoneSimulator.ActiveCfg = Release|iPhoneSimulator
		{5CCF0549-B51F-4A61-A3F4-8F41C315F7AB}.Release|iPhoneSimulator.Build.0 = Release|iPhoneSimulator
		{5CCF0549-B51F-4A61-A3F4-8F41C315F7AB}.Release|iPhoneSimulator.Deploy.0 = Release|iPhoneSimulator
		{5CCF0549-B51F-4A61-A3F4-8F41C315F7AB}.Release|x64.ActiveCfg = Release|iPhone
		{5CCF0549-B51F-4A61-A3F4-8F41C315F7AB}.Release|x64.Build.0 = Release|iPhone
		{5CCF0549-B51F-4A61-A3F4-8F41C315F7AB}.Release|x64.Deploy.0 = Release|iPhone
		{5CCF0549-B51F-4A61-A3F4-8F41C315F7AB}.Release|x86.ActiveCfg = Release|iPhone
		{5CCF0549-B51F-4A61-A3F4-8F41C315F7AB}.Release|x86.Build.0 = Release|iPhone
		{5CCF0549-B51F-4A61-A3F4-8F41C315F7AB}.Release|x86.Deploy.0 = Release|iPhone
		{440977F4-28B0-4F65-BCC0-C844DB1E029B}.Ad-Hoc|Any CPU.ActiveCfg = Release|x86
		{440977F4-28B0-4F65-BCC0-C844DB1E029B}.Ad-Hoc|Any CPU.Build.0 = Release|x86
		{440977F4-28B0-4F65-BCC0-C844DB1E029B}.Ad-Hoc|Any CPU.Deploy.0 = Release|x86
		{440977F4-28B0-4F65-BCC0-C844DB1E029B}.Ad-Hoc|ARM.ActiveCfg = Release|ARM
		{440977F4-28B0-4F65-BCC0-C844DB1E029B}.Ad-Hoc|ARM.Build.0 = Release|ARM
		{440977F4-28B0-4F65-BCC0-C844DB1E029B}.Ad-Hoc|ARM.Deploy.0 = Release|ARM
		{440977F4-28B0-4F65-BCC0-C844DB1E029B}.Ad-Hoc|iPhone.ActiveCfg = Release|x86
		{440977F4-28B0-4F65-BCC0-C844DB1E029B}.Ad-Hoc|iPhone.Build.0 = Release|x86
		{440977F4-28B0-4F65-BCC0-C844DB1E029B}.Ad-Hoc|iPhone.Deploy.0 = Release|x86
		{440977F4-28B0-4F65-BCC0-C844DB1E029B}.Ad-Hoc|iPhoneSimulator.ActiveCfg = Release|x86
		{440977F4-28B0-4F65-BCC0-C844DB1E029B}.Ad-Hoc|iPhoneSimulator.Build.0 = Release|x86
		{440977F4-28B0-4F65-BCC0-C844DB1E029B}.Ad-Hoc|iPhoneSimulator.Deploy.0 = Release|x86
		{440977F4-28B0-4F65-BCC0-C844DB1E029B}.Ad-Hoc|x64.ActiveCfg = Release|x64
		{440977F4-28B0-4F65-BCC0-C844DB1E029B}.Ad-Hoc|x64.Build.0 = Release|x64
		{440977F4-28B0-4F65-BCC0-C844DB1E029B}.Ad-Hoc|x64.Deploy.0 = Release|x64
		{440977F4-28B0-4F65-BCC0-C844DB1E029B}.Ad-Hoc|x86.ActiveCfg = Release|x86
		{440977F4-28B0-4F65-BCC0-C844DB1E029B}.Ad-Hoc|x86.Build.0 = Release|x86
		{440977F4-28B0-4F65-BCC0-C844DB1E029B}.Ad-Hoc|x86.Deploy.0 = Release|x86
		{440977F4-28B0-4F65-BCC0-C844DB1E029B}.AppStore|Any CPU.ActiveCfg = Release|x86
		{440977F4-28B0-4F65-BCC0-C844DB1E029B}.AppStore|Any CPU.Build.0 = Release|x86
		{440977F4-28B0-4F65-BCC0-C844DB1E029B}.AppStore|Any CPU.Deploy.0 = Release|x86
		{440977F4-28B0-4F65-BCC0-C844DB1E029B}.AppStore|ARM.ActiveCfg = Release|ARM
		{440977F4-28B0-4F65-BCC0-C844DB1E029B}.AppStore|ARM.Build.0 = Release|ARM
		{440977F4-28B0-4F65-BCC0-C844DB1E029B}.AppStore|ARM.Deploy.0 = Release|ARM
		{440977F4-28B0-4F65-BCC0-C844DB1E029B}.AppStore|iPhone.ActiveCfg = Release|x86
		{440977F4-28B0-4F65-BCC0-C844DB1E029B}.AppStore|iPhone.Build.0 = Release|x86
		{440977F4-28B0-4F65-BCC0-C844DB1E029B}.AppStore|iPhone.Deploy.0 = Release|x86
		{440977F4-28B0-4F65-BCC0-C844DB1E029B}.AppStore|iPhoneSimulator.ActiveCfg = Release|x86
		{440977F4-28B0-4F65-BCC0-C844DB1E029B}.AppStore|iPhoneSimulator.Build.0 = Release|x86
		{440977F4-28B0-4F65-BCC0-C844DB1E029B}.AppStore|iPhoneSimulator.Deploy.0 = Release|x86
		{440977F4-28B0-4F65-BCC0-C844DB1E029B}.AppStore|x64.ActiveCfg = Release|x64
		{440977F4-28B0-4F65-BCC0-C844DB1E029B}.AppStore|x64.Build.0 = Release|x64
		{440977F4-28B0-4F65-BCC0-C844DB1E029B}.AppStore|x64.Deploy.0 = Release|x64
		{440977F4-28B0-4F65-BCC0-C844DB1E029B}.AppStore|x86.ActiveCfg = Release|x86
		{440977F4-28B0-4F65-BCC0-C844DB1E029B}.AppStore|x86.Build.0 = Release|x86
		{440977F4-28B0-4F65-BCC0-C844DB1E029B}.AppStore|x86.Deploy.0 = Release|x86
		{440977F4-28B0-4F65-BCC0-C844DB1E029B}.Debug|Any CPU.ActiveCfg = Debug|x86
		{440977F4-28B0-4F65-BCC0-C844DB1E029B}.Debug|Any CPU.Build.0 = Debug|x86
		{440977F4-28B0-4F65-BCC0-C844DB1E029B}.Debug|Any CPU.Deploy.0 = Debug|x86
		{440977F4-28B0-4F65-BCC0-C844DB1E029B}.Debug|ARM.ActiveCfg = Debug|ARM
		{440977F4-28B0-4F65-BCC0-C844DB1E029B}.Debug|ARM.Build.0 = Debug|ARM
		{440977F4-28B0-4F65-BCC0-C844DB1E029B}.Debug|ARM.Deploy.0 = Debug|ARM
		{440977F4-28B0-4F65-BCC0-C844DB1E029B}.Debug|iPhone.ActiveCfg = Debug|x86
		{440977F4-28B0-4F65-BCC0-C844DB1E029B}.Debug|iPhone.Build.0 = Debug|x86
		{440977F4-28B0-4F65-BCC0-C844DB1E029B}.Debug|iPhone.Deploy.0 = Debug|x86
		{440977F4-28B0-4F65-BCC0-C844DB1E029B}.Debug|iPhoneSimulator.ActiveCfg = Debug|x86
		{440977F4-28B0-4F65-BCC0-C844DB1E029B}.Debug|iPhoneSimulator.Build.0 = Debug|x86
		{440977F4-28B0-4F65-BCC0-C844DB1E029B}.Debug|iPhoneSimulator.Deploy.0 = Debug|x86
		{440977F4-28B0-4F65-BCC0-C844DB1E029B}.Debug|x64.ActiveCfg = Debug|x64
		{440977F4-28B0-4F65-BCC0-C844DB1E029B}.Debug|x64.Build.0 = Debug|x64
		{440977F4-28B0-4F65-BCC0-C844DB1E029B}.Debug|x64.Deploy.0 = Debug|x64
		{440977F4-28B0-4F65-BCC0-C844DB1E029B}.Debug|x86.ActiveCfg = Debug|x86
		{440977F4-28B0-4F65-BCC0-C844DB1E029B}.Debug|x86.Build.0 = Debug|x86
		{440977F4-28B0-4F65-BCC0-C844DB1E029B}.Debug|x86.Deploy.0 = Debug|x86
		{440977F4-28B0-4F65-BCC0-C844DB1E029B}.Release|Any CPU.ActiveCfg = Release|x86
		{440977F4-28B0-4F65-BCC0-C844DB1E029B}.Release|Any CPU.Build.0 = Release|x86
		{440977F4-28B0-4F65-BCC0-C844DB1E029B}.Release|Any CPU.Deploy.0 = Release|x86
		{440977F4-28B0-4F65-BCC0-C844DB1E029B}.Release|ARM.ActiveCfg = Release|ARM
		{440977F4-28B0-4F65-BCC0-C844DB1E029B}.Release|ARM.Build.0 = Release|ARM
		{440977F4-28B0-4F65-BCC0-C844DB1E029B}.Release|ARM.Deploy.0 = Release|ARM
		{440977F4-28B0-4F65-BCC0-C844DB1E029B}.Release|iPhone.ActiveCfg = Release|x86
		{440977F4-28B0-4F65-BCC0-C844DB1E029B}.Release|iPhone.Build.0 = Release|x86
		{440977F4-28B0-4F65-BCC0-C844DB1E029B}.Release|iPhone.Deploy.0 = Release|x86
		{440977F4-28B0-4F65-BCC0-C844DB1E029B}.Release|iPhoneSimulator.ActiveCfg = Release|x86
		{440977F4-28B0-4F65-BCC0-C844DB1E029B}.Release|iPhoneSimulator.Build.0 = Release|x86
		{440977F4-28B0-4F65-BCC0-C844DB1E029B}.Release|iPhoneSimulator.Deploy.0 = Release|x86
		{440977F4-28B0-4F65-BCC0-C844DB1E029B}.Release|x64.ActiveCfg = Release|x64
		{440977F4-28B0-4F65-BCC0-C844DB1E029B}.Release|x64.Build.0 = Release|x64
		{440977F4-28B0-4F65-BCC0-C844DB1E029B}.Release|x64.Deploy.0 = Release|x64
		{440977F4-28B0-4F65-BCC0-C844DB1E029B}.Release|x86.ActiveCfg = Release|x86
		{440977F4-28B0-4F65-BCC0-C844DB1E029B}.Release|x86.Build.0 = Release|x86
		{440977F4-28B0-4F65-BCC0-C844DB1E029B}.Release|x86.Deploy.0 = Release|x86
		{D0BB0178-14C7-454B-9F6B-25886C1B9D9A}.Ad-Hoc|Any CPU.ActiveCfg = Debug|Any CPU
		{D0BB0178-14C7-454B-9F6B-25886C1B9D9A}.Ad-Hoc|Any CPU.Build.0 = Debug|Any CPU
		{D0BB0178-14C7-454B-9F6B-25886C1B9D9A}.Ad-Hoc|Any CPU.Deploy.0 = Debug|Any CPU
		{D0BB0178-14C7-454B-9F6B-25886C1B9D9A}.Ad-Hoc|ARM.ActiveCfg = Debug|Any CPU
		{D0BB0178-14C7-454B-9F6B-25886C1B9D9A}.Ad-Hoc|ARM.Build.0 = Debug|Any CPU
		{D0BB0178-14C7-454B-9F6B-25886C1B9D9A}.Ad-Hoc|ARM.Deploy.0 = Debug|Any CPU
		{D0BB0178-14C7-454B-9F6B-25886C1B9D9A}.Ad-Hoc|iPhone.ActiveCfg = Debug|Any CPU
		{D0BB0178-14C7-454B-9F6B-25886C1B9D9A}.Ad-Hoc|iPhone.Build.0 = Debug|Any CPU
		{D0BB0178-14C7-454B-9F6B-25886C1B9D9A}.Ad-Hoc|iPhone.Deploy.0 = Debug|Any CPU
		{D0BB0178-14C7-454B-9F6B-25886C1B9D9A}.Ad-Hoc|iPhoneSimulator.ActiveCfg = Debug|Any CPU
		{D0BB0178-14C7-454B-9F6B-25886C1B9D9A}.Ad-Hoc|iPhoneSimulator.Build.0 = Debug|Any CPU
		{D0BB0178-14C7-454B-9F6B-25886C1B9D9A}.Ad-Hoc|iPhoneSimulator.Deploy.0 = Debug|Any CPU
		{D0BB0178-14C7-454B-9F6B-25886C1B9D9A}.Ad-Hoc|x64.ActiveCfg = Debug|Any CPU
		{D0BB0178-14C7-454B-9F6B-25886C1B9D9A}.Ad-Hoc|x64.Build.0 = Debug|Any CPU
		{D0BB0178-14C7-454B-9F6B-25886C1B9D9A}.Ad-Hoc|x64.Deploy.0 = Debug|Any CPU
		{D0BB0178-14C7-454B-9F6B-25886C1B9D9A}.Ad-Hoc|x86.ActiveCfg = Debug|Any CPU
		{D0BB0178-14C7-454B-9F6B-25886C1B9D9A}.Ad-Hoc|x86.Build.0 = Debug|Any CPU
		{D0BB0178-14C7-454B-9F6B-25886C1B9D9A}.Ad-Hoc|x86.Deploy.0 = Debug|Any CPU
		{D0BB0178-14C7-454B-9F6B-25886C1B9D9A}.AppStore|Any CPU.ActiveCfg = Debug|Any CPU
		{D0BB0178-14C7-454B-9F6B-25886C1B9D9A}.AppStore|Any CPU.Build.0 = Debug|Any CPU
		{D0BB0178-14C7-454B-9F6B-25886C1B9D9A}.AppStore|Any CPU.Deploy.0 = Debug|Any CPU
		{D0BB0178-14C7-454B-9F6B-25886C1B9D9A}.AppStore|ARM.ActiveCfg = Debug|Any CPU
		{D0BB0178-14C7-454B-9F6B-25886C1B9D9A}.AppStore|ARM.Build.0 = Debug|Any CPU
		{D0BB0178-14C7-454B-9F6B-25886C1B9D9A}.AppStore|ARM.Deploy.0 = Debug|Any CPU
		{D0BB0178-14C7-454B-9F6B-25886C1B9D9A}.AppStore|iPhone.ActiveCfg = Debug|Any CPU
		{D0BB0178-14C7-454B-9F6B-25886C1B9D9A}.AppStore|iPhone.Build.0 = Debug|Any CPU
		{D0BB0178-14C7-454B-9F6B-25886C1B9D9A}.AppStore|iPhone.Deploy.0 = Debug|Any CPU
		{D0BB0178-14C7-454B-9F6B-25886C1B9D9A}.AppStore|iPhoneSimulator.ActiveCfg = Debug|Any CPU
		{D0BB0178-14C7-454B-9F6B-25886C1B9D9A}.AppStore|iPhoneSimulator.Build.0 = Debug|Any CPU
		{D0BB0178-14C7-454B-9F6B-25886C1B9D9A}.AppStore|iPhoneSimulator.Deploy.0 = Debug|Any CPU
		{D0BB0178-14C7-454B-9F6B-25886C1B9D9A}.AppStore|x64.ActiveCfg = Debug|Any CPU
		{D0BB0178-14C7-454B-9F6B-25886C1B9D9A}.AppStore|x64.Build.0 = Debug|Any CPU
		{D0BB0178-14C7-454B-9F6B-25886C1B9D9A}.AppStore|x64.Deploy.0 = Debug|Any CPU
		{D0BB0178-14C7-454B-9F6B-25886C1B9D9A}.AppStore|x86.ActiveCfg = Debug|Any CPU
		{D0BB0178-14C7-454B-9F6B-25886C1B9D9A}.AppStore|x86.Build.0 = Debug|Any CPU
		{D0BB0178-14C7-454B-9F6B-25886C1B9D9A}.AppStore|x86.Deploy.0 = Debug|Any CPU
		{D0BB0178-14C7-454B-9F6B-25886C1B9D9A}.Debug|Any CPU.ActiveCfg = Debug|Any CPU
		{D0BB0178-14C7-454B-9F6B-25886C1B9D9A}.Debug|Any CPU.Build.0 = Debug|Any CPU
		{D0BB0178-14C7-454B-9F6B-25886C1B9D9A}.Debug|Any CPU.Deploy.0 = Debug|Any CPU
		{D0BB0178-14C7-454B-9F6B-25886C1B9D9A}.Debug|ARM.ActiveCfg = Debug|Any CPU
		{D0BB0178-14C7-454B-9F6B-25886C1B9D9A}.Debug|ARM.Build.0 = Debug|Any CPU
		{D0BB0178-14C7-454B-9F6B-25886C1B9D9A}.Debug|ARM.Deploy.0 = Debug|Any CPU
		{D0BB0178-14C7-454B-9F6B-25886C1B9D9A}.Debug|iPhone.ActiveCfg = Debug|Any CPU
		{D0BB0178-14C7-454B-9F6B-25886C1B9D9A}.Debug|iPhone.Build.0 = Debug|Any CPU
		{D0BB0178-14C7-454B-9F6B-25886C1B9D9A}.Debug|iPhone.Deploy.0 = Debug|Any CPU
		{D0BB0178-14C7-454B-9F6B-25886C1B9D9A}.Debug|iPhoneSimulator.ActiveCfg = Debug|Any CPU
		{D0BB0178-14C7-454B-9F6B-25886C1B9D9A}.Debug|iPhoneSimulator.Build.0 = Debug|Any CPU
		{D0BB0178-14C7-454B-9F6B-25886C1B9D9A}.Debug|iPhoneSimulator.Deploy.0 = Debug|Any CPU
		{D0BB0178-14C7-454B-9F6B-25886C1B9D9A}.Debug|x64.ActiveCfg = Debug|Any CPU
		{D0BB0178-14C7-454B-9F6B-25886C1B9D9A}.Debug|x64.Build.0 = Debug|Any CPU
		{D0BB0178-14C7-454B-9F6B-25886C1B9D9A}.Debug|x64.Deploy.0 = Debug|Any CPU
		{D0BB0178-14C7-454B-9F6B-25886C1B9D9A}.Debug|x86.ActiveCfg = Debug|Any CPU
		{D0BB0178-14C7-454B-9F6B-25886C1B9D9A}.Debug|x86.Build.0 = Debug|Any CPU
		{D0BB0178-14C7-454B-9F6B-25886C1B9D9A}.Debug|x86.Deploy.0 = Debug|Any CPU
		{D0BB0178-14C7-454B-9F6B-25886C1B9D9A}.Release|Any CPU.ActiveCfg = Release|Any CPU
		{D0BB0178-14C7-454B-9F6B-25886C1B9D9A}.Release|Any CPU.Build.0 = Release|Any CPU
		{D0BB0178-14C7-454B-9F6B-25886C1B9D9A}.Release|Any CPU.Deploy.0 = Release|Any CPU
		{D0BB0178-14C7-454B-9F6B-25886C1B9D9A}.Release|ARM.ActiveCfg = Release|Any CPU
		{D0BB0178-14C7-454B-9F6B-25886C1B9D9A}.Release|ARM.Build.0 = Release|Any CPU
		{D0BB0178-14C7-454B-9F6B-25886C1B9D9A}.Release|ARM.Deploy.0 = Release|Any CPU
		{D0BB0178-14C7-454B-9F6B-25886C1B9D9A}.Release|iPhone.ActiveCfg = Release|Any CPU
		{D0BB0178-14C7-454B-9F6B-25886C1B9D9A}.Release|iPhone.Build.0 = Release|Any CPU
		{D0BB0178-14C7-454B-9F6B-25886C1B9D9A}.Release|iPhone.Deploy.0 = Release|Any CPU
		{D0BB0178-14C7-454B-9F6B-25886C1B9D9A}.Release|iPhoneSimulator.ActiveCfg = Release|Any CPU
		{D0BB0178-14C7-454B-9F6B-25886C1B9D9A}.Release|iPhoneSimulator.Build.0 = Release|Any CPU
		{D0BB0178-14C7-454B-9F6B-25886C1B9D9A}.Release|iPhoneSimulator.Deploy.0 = Release|Any CPU
		{D0BB0178-14C7-454B-9F6B-25886C1B9D9A}.Release|x64.ActiveCfg = Release|Any CPU
		{D0BB0178-14C7-454B-9F6B-25886C1B9D9A}.Release|x64.Build.0 = Release|Any CPU
		{D0BB0178-14C7-454B-9F6B-25886C1B9D9A}.Release|x64.Deploy.0 = Release|Any CPU
		{D0BB0178-14C7-454B-9F6B-25886C1B9D9A}.Release|x86.ActiveCfg = Release|Any CPU
		{D0BB0178-14C7-454B-9F6B-25886C1B9D9A}.Release|x86.Build.0 = Release|Any CPU
		{D0BB0178-14C7-454B-9F6B-25886C1B9D9A}.Release|x86.Deploy.0 = Release|Any CPU
	EndGlobalSection
	GlobalSection(SolutionProperties) = preSolution
		HideSolutionNode = FALSE
	EndGlobalSection
	GlobalSection(ExtensibilityGlobals) = postSolution
		SolutionGuid = {B9427A33-ABA0-4E90-85B0-042A7B1A304A}
	EndGlobalSection
EndGlobal
